// !$*UTF8*$!
{
	archiveVersion = 1;
	classes = {
	};
	objectVersion = 50;
	objects = {

/* Begin PBXBuildFile section */
		7F89AA9B216C88A00044B547 /* AppDelegate.m in Sources */ = {isa = PBXBuildFile; fileRef = 7F89AA9A216C88A00044B547 /* AppDelegate.m */; };
		7F89AA9E216C88A00044B547 /* ViewController.m in Sources */ = {isa = PBXBuildFile; fileRef = 7F89AA9D216C88A00044B547 /* ViewController.m */; };
		7F89AAA1216C88A00044B547 /* Main.storyboard in Resources */ = {isa = PBXBuildFile; fileRef = 7F89AA9F216C88A00044B547 /* Main.storyboard */; };
		7F89AAA3216C88B20044B547 /* Assets.xcassets in Resources */ = {isa = PBXBuildFile; fileRef = 7F89AAA2216C88B20044B547 /* Assets.xcassets */; };
		7F89AAA6216C88B20044B547 /* LaunchScreen.storyboard in Resources */ = {isa = PBXBuildFile; fileRef = 7F89AAA4216C88B20044B547 /* LaunchScreen.storyboard */; };
		7F89AAA9216C88B20044B547 /* main.m in Sources */ = {isa = PBXBuildFile; fileRef = 7F89AAA8216C88B20044B547 /* main.m */; };
		7F89AAB3216C88B20044B547 /* AirElvesTests.m in Sources */ = {isa = PBXBuildFile; fileRef = 7F89AAB2216C88B20044B547 /* AirElvesTests.m */; };
		7F89AABE216C88B20044B547 /* AirElvesUITests.m in Sources */ = {isa = PBXBuildFile; fileRef = 7F89AABD216C88B20044B547 /* AirElvesUITests.m */; };
/* End PBXBuildFile section */

/* Begin PBXContainerItemProxy section */
		7F89AAAF216C88B20044B547 /* PBXContainerItemProxy */ = {
			isa = PBXContainerItemProxy;
			containerPortal = 7F89AA8E216C88A00044B547 /* Project object */;
			proxyType = 1;
			remoteGlobalIDString = 7F89AA95216C88A00044B547;
			remoteInfo = AirElves;
		};
		7F89AABA216C88B20044B547 /* PBXContainerItemProxy */ = {
			isa = PBXContainerItemProxy;
			containerPortal = 7F89AA8E216C88A00044B547 /* Project object */;
			proxyType = 1;
			remoteGlobalIDString = 7F89AA95216C88A00044B547;
			remoteInfo = AirElves;
		};
/* End PBXContainerItemProxy section */

/* Begin PBXFileReference section */
		7F89AA96216C88A00044B547 /* AirElves.app */ = {isa = PBXFileReference; explicitFileType = wrapper.application; includeInIndex = 0; path = AirElves.app; sourceTree = BUILT_PRODUCTS_DIR; };
		7F89AA99216C88A00044B547 /* AppDelegate.h */ = {isa = PBXFileReference; lastKnownFileType = sourcecode.c.h; path = AppDelegate.h; sourceTree = "<group>"; };
		7F89AA9A216C88A00044B547 /* AppDelegate.m */ = {isa = PBXFileReference; lastKnownFileType = sourcecode.c.objc; path = AppDelegate.m; sourceTree = "<group>"; };
		7F89AA9C216C88A00044B547 /* ViewController.h */ = {isa = PBXFileReference; lastKnownFileType = sourcecode.c.h; path = ViewController.h; sourceTree = "<group>"; };
		7F89AA9D216C88A00044B547 /* ViewController.m */ = {isa = PBXFileReference; lastKnownFileType = sourcecode.c.objc; path = ViewController.m; sourceTree = "<group>"; };
		7F89AAA0216C88A00044B547 /* Base */ = {isa = PBXFileReference; lastKnownFileType = file.storyboard; name = Base; path = Base.lproj/Main.storyboard; sourceTree = "<group>"; };
		7F89AAA2216C88B20044B547 /* Assets.xcassets */ = {isa = PBXFileReference; lastKnownFileType = folder.assetcatalog; path = Assets.xcassets; sourceTree = "<group>"; };
		7F89AAA5216C88B20044B547 /* Base */ = {isa = PBXFileReference; lastKnownFileType = file.storyboard; name = Base; path = Base.lproj/LaunchScreen.storyboard; sourceTree = "<group>"; };
		7F89AAA7216C88B20044B547 /* Info.plist */ = {isa = PBXFileReference; lastKnownFileType = text.plist.xml; path = Info.plist; sourceTree = "<group>"; };
		7F89AAA8216C88B20044B547 /* main.m */ = {isa = PBXFileReference; lastKnownFileType = sourcecode.c.objc; path = main.m; sourceTree = "<group>"; };
		7F89AAAE216C88B20044B547 /* AirElvesTests.xctest */ = {isa = PBXFileReference; explicitFileType = wrapper.cfbundle; includeInIndex = 0; path = AirElvesTests.xctest; sourceTree = BUILT_PRODUCTS_DIR; };
		7F89AAB2216C88B20044B547 /* AirElvesTests.m */ = {isa = PBXFileReference; lastKnownFileType = sourcecode.c.objc; path = AirElvesTests.m; sourceTree = "<group>"; };
		7F89AAB4216C88B20044B547 /* Info.plist */ = {isa = PBXFileReference; lastKnownFileType = text.plist.xml; path = Info.plist; sourceTree = "<group>"; };
		7F89AAB9216C88B20044B547 /* AirElvesUITests.xctest */ = {isa = PBXFileReference; explicitFileType = wrapper.cfbundle; includeInIndex = 0; path = AirElvesUITests.xctest; sourceTree = BUILT_PRODUCTS_DIR; };
		7F89AABD216C88B20044B547 /* AirElvesUITests.m */ = {isa = PBXFileReference; lastKnownFileType = sourcecode.c.objc; path = AirElvesUITests.m; sourceTree = "<group>"; };
		7F89AABF216C88B20044B547 /* Info.plist */ = {isa = PBXFileReference; lastKnownFileType = text.plist.xml; path = Info.plist; sourceTree = "<group>"; };
/* End PBXFileReference section */

/* Begin PBXFrameworksBuildPhase section */
		7F89AA93216C88A00044B547 /* Frameworks */ = {
			isa = PBXFrameworksBuildPhase;
			buildActionMask = 2147483647;
			files = (
			);
			runOnlyForDeploymentPostprocessing = 0;
		};
		7F89AAAB216C88B20044B547 /* Frameworks */ = {
			isa = PBXFrameworksBuildPhase;
			buildActionMask = 2147483647;
			files = (
			);
			runOnlyForDeploymentPostprocessing = 0;
		};
		7F89AAB6216C88B20044B547 /* Frameworks */ = {
			isa = PBXFrameworksBuildPhase;
			buildActionMask = 2147483647;
			files = (
			);
			runOnlyForDeploymentPostprocessing = 0;
		};
/* End PBXFrameworksBuildPhase section */

/* Begin PBXGroup section */
		7F89AA8D216C88A00044B547 = {
			isa = PBXGroup;
			children = (
				7F89AA98216C88A00044B547 /* AirElves */,
				7F89AAB1216C88B20044B547 /* AirElvesTests */,
				7F89AABC216C88B20044B547 /* AirElvesUITests */,
				7F89AA97216C88A00044B547 /* Products */,
			);
			sourceTree = "<group>";
		};
		7F89AA97216C88A00044B547 /* Products */ = {
			isa = PBXGroup;
			children = (
				7F89AA96216C88A00044B547 /* AirElves.app */,
				7F89AAAE216C88B20044B547 /* AirElvesTests.xctest */,
				7F89AAB9216C88B20044B547 /* AirElvesUITests.xctest */,
			);
			name = Products;
			sourceTree = "<group>";
		};
		7F89AA98216C88A00044B547 /* AirElves */ = {
			isa = PBXGroup;
			children = (
				7F89AA99216C88A00044B547 /* AppDelegate.h */,
				7F89AA9A216C88A00044B547 /* AppDelegate.m */,
				7F89AA9C216C88A00044B547 /* ViewController.h */,
				7F89AA9D216C88A00044B547 /* ViewController.m */,
				7F89AA9F216C88A00044B547 /* Main.storyboard */,
				7F89AAA2216C88B20044B547 /* Assets.xcassets */,
				7F89AAA4216C88B20044B547 /* LaunchScreen.storyboard */,
				7F89AAA7216C88B20044B547 /* Info.plist */,
				7F89AAA8216C88B20044B547 /* main.m */,
			);
			path = AirElves;
			sourceTree = "<group>";
		};
		7F89AAB1216C88B20044B547 /* AirElvesTests */ = {
			isa = PBXGroup;
			children = (
				7F89AAB2216C88B20044B547 /* AirElvesTests.m */,
				7F89AAB4216C88B20044B547 /* Info.plist */,
			);
			path = AirElvesTests;
			sourceTree = "<group>";
		};
		7F89AABC216C88B20044B547 /* AirElvesUITests */ = {
			isa = PBXGroup;
			children = (
				7F89AABD216C88B20044B547 /* AirElvesUITests.m */,
				7F89AABF216C88B20044B547 /* Info.plist */,
			);
			path = AirElvesUITests;
			sourceTree = "<group>";
		};
/* End PBXGroup section */

/* Begin PBXNativeTarget section */
		7F89AA95216C88A00044B547 /* AirElves */ = {
			isa = PBXNativeTarget;
			buildConfigurationList = 7F89AAC2216C88B20044B547 /* Build configuration list for PBXNativeTarget "AirElves" */;
			buildPhases = (
				7F89AA92216C88A00044B547 /* Sources */,
				7F89AA93216C88A00044B547 /* Frameworks */,
				7F89AA94216C88A00044B547 /* Resources */,
			);
			buildRules = (
			);
			dependencies = (
			);
			name = AirElves;
			productName = AirElves;
			productReference = 7F89AA96216C88A00044B547 /* AirElves.app */;
			productType = "com.apple.product-type.application";
		};
		7F89AAAD216C88B20044B547 /* AirElvesTests */ = {
			isa = PBXNativeTarget;
			buildConfigurationList = 7F89AAC5216C88B20044B547 /* Build configuration list for PBXNativeTarget "AirElvesTests" */;
			buildPhases = (
				7F89AAAA216C88B20044B547 /* Sources */,
				7F89AAAB216C88B20044B547 /* Frameworks */,
				7F89AAAC216C88B20044B547 /* Resources */,
			);
			buildRules = (
			);
			dependencies = (
				7F89AAB0216C88B20044B547 /* PBXTargetDependency */,
			);
			name = AirElvesTests;
			productName = AirElvesTests;
			productReference = 7F89AAAE216C88B20044B547 /* AirElvesTests.xctest */;
			productType = "com.apple.product-type.bundle.unit-test";
		};
		7F89AAB8216C88B20044B547 /* AirElvesUITests */ = {
			isa = PBXNativeTarget;
			buildConfigurationList = 7F89AAC8216C88B20044B547 /* Build configuration list for PBXNativeTarget "AirElvesUITests" */;
			buildPhases = (
				7F89AAB5216C88B20044B547 /* Sources */,
				7F89AAB6216C88B20044B547 /* Frameworks */,
				7F89AAB7216C88B20044B547 /* Resources */,
			);
			buildRules = (
			);
			dependencies = (
				7F89AABB216C88B20044B547 /* PBXTargetDependency */,
			);
			name = AirElvesUITests;
			productName = AirElvesUITests;
			productReference = 7F89AAB9216C88B20044B547 /* AirElvesUITests.xctest */;
			productType = "com.apple.product-type.bundle.ui-testing";
		};
/* End PBXNativeTarget section */

/* Begin PBXProject section */
		7F89AA8E216C88A00044B547 /* Project object */ = {
			isa = PBXProject;
			attributes = {
				LastUpgradeCheck = 0930;
				ORGANIZATIONNAME = com.HF;
				TargetAttributes = {
					7F89AA95216C88A00044B547 = {
						CreatedOnToolsVersion = 9.3;
					};
					7F89AAAD216C88B20044B547 = {
						CreatedOnToolsVersion = 9.3;
						TestTargetID = 7F89AA95216C88A00044B547;
					};
					7F89AAB8216C88B20044B547 = {
						CreatedOnToolsVersion = 9.3;
						TestTargetID = 7F89AA95216C88A00044B547;
					};
				};
			};
			buildConfigurationList = 7F89AA91216C88A00044B547 /* Build configuration list for PBXProject "AirElves" */;
			compatibilityVersion = "Xcode 9.3";
			developmentRegion = en;
			hasScannedForEncodings = 0;
			knownRegions = (
				en,
				Base,
			);
			mainGroup = 7F89AA8D216C88A00044B547;
			productRefGroup = 7F89AA97216C88A00044B547 /* Products */;
			projectDirPath = "";
			projectRoot = "";
			targets = (
				7F89AA95216C88A00044B547 /* AirElves */,
				7F89AAAD216C88B20044B547 /* AirElvesTests */,
				7F89AAB8216C88B20044B547 /* AirElvesUITests */,
			);
		};
/* End PBXProject section */

/* Begin PBXResourcesBuildPhase section */
		7F89AA94216C88A00044B547 /* Resources */ = {
			isa = PBXResourcesBuildPhase;
			buildActionMask = 2147483647;
			files = (
				7F89AAA6216C88B20044B547 /* LaunchScreen.storyboard in Resources */,
				7F89AAA3216C88B20044B547 /* Assets.xcassets in Resources */,
				7F89AAA1216C88A00044B547 /* Main.storyboard in Resources */,
			);
			runOnlyForDeploymentPostprocessing = 0;
		};
		7F89AAAC216C88B20044B547 /* Resources */ = {
			isa = PBXResourcesBuildPhase;
			buildActionMask = 2147483647;
			files = (
			);
			runOnlyForDeploymentPostprocessing = 0;
		};
		7F89AAB7216C88B20044B547 /* Resources */ = {
			isa = PBXResourcesBuildPhase;
			buildActionMask = 2147483647;
			files = (
			);
			runOnlyForDeploymentPostprocessing = 0;
		};
/* End PBXResourcesBuildPhase section */

/* Begin PBXSourcesBuildPhase section */
		7F89AA92216C88A00044B547 /* Sources */ = {
			isa = PBXSourcesBuildPhase;
			buildActionMask = 2147483647;
			files = (
				7F89AA9E216C88A00044B547 /* ViewController.m in Sources */,
				7F89AAA9216C88B20044B547 /* main.m in Sources */,
				7F89AA9B216C88A00044B547 /* AppDelegate.m in Sources */,
			);
			runOnlyForDeploymentPostprocessing = 0;
		};
		7F89AAAA216C88B20044B547 /* Sources */ = {
			isa = PBXSourcesBuildPhase;
			buildActionMask = 2147483647;
			files = (
				7F89AAB3216C88B20044B547 /* AirElvesTests.m in Sources */,
			);
			runOnlyForDeploymentPostprocessing = 0;
		};
		7F89AAB5216C88B20044B547 /* Sources */ = {
			isa = PBXSourcesBuildPhase;
			buildActionMask = 2147483647;
			files = (
				7F89AABE216C88B20044B547 /* AirElvesUITests.m in Sources */,
			);
			runOnlyForDeploymentPostprocessing = 0;
		};
/* End PBXSourcesBuildPhase section */

/* Begin PBXTargetDependency section */
		7F89AAB0216C88B20044B547 /* PBXTargetDependency */ = {
			isa = PBXTargetDependency;
			target = 7F89AA95216C88A00044B547 /* AirElves */;
			targetProxy = 7F89AAAF216C88B20044B547 /* PBXContainerItemProxy */;
		};
		7F89AABB216C88B20044B547 /* PBXTargetDependency */ = {
			isa = PBXTargetDependency;
			target = 7F89AA95216C88A00044B547 /* AirElves */;
			targetProxy = 7F89AABA216C88B20044B547 /* PBXContainerItemProxy */;
		};
/* End PBXTargetDependency section */

/* Begin PBXVariantGroup section */
		7F89AA9F216C88A00044B547 /* Main.storyboard */ = {
			isa = PBXVariantGroup;
			children = (
				7F89AAA0216C88A00044B547 /* Base */,
			);
			name = Main.storyboard;
			sourceTree = "<group>";
		};
		7F89AAA4216C88B20044B547 /* LaunchScreen.storyboard */ = {
			isa = PBXVariantGroup;
			children = (
				7F89AAA5216C88B20044B547 /* Base */,
			);
			name = LaunchScreen.storyboard;
			sourceTree = "<group>";
		};
/* End PBXVariantGroup section */

/* Begin XCBuildConfiguration section */
		7F89AAC0216C88B20044B547 /* Debug */ = {
			isa = XCBuildConfiguration;
			buildSettings = {
				ALWAYS_SEARCH_USER_PATHS = NO;
				CLANG_ANALYZER_NONNULL = YES;
				CLANG_ANALYZER_NUMBER_OBJECT_CONVERSION = YES_AGGRESSIVE;
				CLANG_CXX_LANGUAGE_STANDARD = "gnu++14";
				CLANG_CXX_LIBRARY = "libc++";
				CLANG_ENABLE_MODULES = YES;
				CLANG_ENABLE_OBJC_ARC = YES;
				CLANG_ENABLE_OBJC_WEAK = YES;
				CLANG_WARN_BLOCK_CAPTURE_AUTORELEASING = YES;
				CLANG_WARN_BOOL_CONVERSION = YES;
				CLANG_WARN_COMMA = YES;
				CLANG_WARN_CONSTANT_CONVERSION = YES;
				CLANG_WARN_DEPRECATED_OBJC_IMPLEMENTATIONS = YES;
				CLANG_WARN_DIRECT_OBJC_ISA_USAGE = YES_ERROR;
				CLANG_WARN_DOCUMENTATION_COMMENTS = YES;
				CLANG_WARN_EMPTY_BODY = YES;
				CLANG_WARN_ENUM_CONVERSION = YES;
				CLANG_WARN_INFINITE_RECURSION = YES;
				CLANG_WARN_INT_CONVERSION = YES;
				CLANG_WARN_NON_LITERAL_NULL_CONVERSION = YES;
				CLANG_WARN_OBJC_IMPLICIT_RETAIN_SELF = YES;
				CLANG_WARN_OBJC_LITERAL_CONVERSION = YES;
				CLANG_WARN_OBJC_ROOT_CLASS = YES_ERROR;
				CLANG_WARN_RANGE_LOOP_ANALYSIS = YES;
				CLANG_WARN_STRICT_PROTOTYPES = YES;
				CLANG_WARN_SUSPICIOUS_MOVE = YES;
				CLANG_WARN_UNGUARDED_AVAILABILITY = YES_AGGRESSIVE;
				CLANG_WARN_UNREACHABLE_CODE = YES;
				CLANG_WARN__DUPLICATE_METHOD_MATCH = YES;
				CODE_SIGN_IDENTITY = "iPhone Developer";
				COPY_PHASE_STRIP = NO;
				DEBUG_INFORMATION_FORMAT = dwarf;
				ENABLE_STRICT_OBJC_MSGSEND = YES;
				ENABLE_TESTABILITY = YES;
				GCC_C_LANGUAGE_STANDARD = gnu11;
				GCC_DYNAMIC_NO_PIC = NO;
				GCC_NO_COMMON_BLOCKS = YES;
				GCC_OPTIMIZATION_LEVEL = 0;
				GCC_PREPROCESSOR_DEFINITIONS = (
					"DEBUG=1",
					"$(inherited)",
				);
				GCC_WARN_64_TO_32_BIT_CONVERSION = YES;
				GCC_WARN_ABOUT_RETURN_TYPE = YES_ERROR;
				GCC_WARN_UNDECLARED_SELECTOR = YES;
				GCC_WARN_UNINITIALIZED_AUTOS = YES_AGGRESSIVE;
				GCC_WARN_UNUSED_FUNCTION = YES;
				GCC_WARN_UNUSED_VARIABLE = YES;
				IPHONEOS_DEPLOYMENT_TARGET = 11.3;
				MTL_ENABLE_DEBUG_INFO = YES;
				ONLY_ACTIVE_ARCH = YES;
				SDKROOT = iphoneos;
			};
			name = Debug;
		};
		7F89AAC1216C88B20044B547 /* Release */ = {
			isa = XCBuildConfiguration;
			buildSettings = {
				ALWAYS_SEARCH_USER_PATHS = NO;
				CLANG_ANALYZER_NONNULL = YES;
				CLANG_ANALYZER_NUMBER_OBJECT_CONVERSION = YES_AGGRESSIVE;
				CLANG_CXX_LANGUAGE_STANDARD = "gnu++14";
				CLANG_CXX_LIBRARY = "libc++";
				CLANG_ENABLE_MODULES = YES;
				CLANG_ENABLE_OBJC_ARC = YES;
				CLANG_ENABLE_OBJC_WEAK = YES;
				CLANG_WARN_BLOCK_CAPTURE_AUTORELEASING = YES;
				CLANG_WARN_BOOL_CONVERSION = YES;
				CLANG_WARN_COMMA = YES;
				CLANG_WARN_CONSTANT_CONVERSION = YES;
				CLANG_WARN_DEPRECATED_OBJC_IMPLEMENTATIONS = YES;
				CLANG_WARN_DIRECT_OBJC_ISA_USAGE = YES_ERROR;
				CLANG_WARN_DOCUMENTATION_COMMENTS = YES;
				CLANG_WARN_EMPTY_BODY = YES;
				CLANG_WARN_ENUM_CONVERSION = YES;
				CLANG_WARN_INFINITE_RECURSION = YES;
				CLANG_WARN_INT_CONVERSION = YES;
				CLANG_WARN_NON_LITERAL_NULL_CONVERSION = YES;
				CLANG_WARN_OBJC_IMPLICIT_RETAIN_SELF = YES;
				CLANG_WARN_OBJC_LITERAL_CONVERSION = YES;
				CLANG_WARN_OBJC_ROOT_CLASS = YES_ERROR;
				CLANG_WARN_RANGE_LOOP_ANALYSIS = YES;
				CLANG_WARN_STRICT_PROTOTYPES = YES;
				CLANG_WARN_SUSPICIOUS_MOVE = YES;
				CLANG_WARN_UNGUARDED_AVAILABILITY = YES_AGGRESSIVE;
				CLANG_WARN_UNREACHABLE_CODE = YES;
				CLANG_WARN__DUPLICATE_METHOD_MATCH = YES;
				CODE_SIGN_IDENTITY = "iPhone Developer";
				COPY_PHASE_STRIP = NO;
				DEBUG_INFORMATION_FORMAT = "dwarf-with-dsym";
				ENABLE_NS_ASSERTIONS = NO;
				ENABLE_STRICT_OBJC_MSGSEND = YES;
				GCC_C_LANGUAGE_STANDARD = gnu11;
				GCC_NO_COMMON_BLOCKS = YES;
				GCC_WARN_64_TO_32_BIT_CONVERSION = YES;
				GCC_WARN_ABOUT_RETURN_TYPE = YES_ERROR;
				GCC_WARN_UNDECLARED_SELECTOR = YES;
				GCC_WARN_UNINITIALIZED_AUTOS = YES_AGGRESSIVE;
				GCC_WARN_UNUSED_FUNCTION = YES;
				GCC_WARN_UNUSED_VARIABLE = YES;
				IPHONEOS_DEPLOYMENT_TARGET = 11.3;
				MTL_ENABLE_DEBUG_INFO = NO;
				SDKROOT = iphoneos;
				VALIDATE_PRODUCT = YES;
			};
			name = Release;
		};
		7F89AAC3216C88B20044B547 /* Debug */ = {
			isa = XCBuildConfiguration;
			buildSettings = {
				ASSETCATALOG_COMPILER_APPICON_NAME = AppIcon;
				CODE_SIGN_STYLE = Automatic;
				DEVELOPMENT_TEAM = KTS2AWUZL8;
				INFOPLIST_FILE = AirElves/Info.plist;
				LD_RUNPATH_SEARCH_PATHS = (
					"$(inherited)",
					"@executable_path/Frameworks",
				);
				PRODUCT_BUNDLE_IDENTIFIER = com.HF.AirElves;
				PRODUCT_NAME = "$(TARGET_NAME)";
				TARGETED_DEVICE_FAMILY = "1,2";
			};
			name = Debug;
		};
		7F89AAC4216C88B20044B547 /* Release */ = {
			isa = XCBuildConfiguration;
			buildSettings = {
				ASSETCATALOG_COMPILER_APPICON_NAME = AppIcon;
				CODE_SIGN_STYLE = Automatic;
				DEVELOPMENT_TEAM = KTS2AWUZL8;
				INFOPLIST_FILE = AirElves/Info.plist;
				LD_RUNPATH_SEARCH_PATHS = (
					"$(inherited)",
					"@executable_path/Frameworks",
				);
				PRODUCT_BUNDLE_IDENTIFIER = com.HF.AirElves;
				PRODUCT_NAME = "$(TARGET_NAME)";
				TARGETED_DEVICE_FAMILY = "1,2";
			};
			name = Release;
		};
		7F89AAC6216C88B20044B547 /* Debug */ = {
			isa = XCBuildConfiguration;
			buildSettings = {
				BUNDLE_LOADER = "$(TEST_HOST)";
				CODE_SIGN_STYLE = Automatic;
				DEVELOPMENT_TEAM = KTS2AWUZL8;
				INFOPLIST_FILE = AirElvesTests/Info.plist;
				LD_RUNPATH_SEARCH_PATHS = (
					"$(inherited)",
					"@executable_path/Frameworks",
					"@loader_path/Frameworks",
				);
				PRODUCT_BUNDLE_IDENTIFIER = com.HF.AirElvesTests;
				PRODUCT_NAME = "$(TARGET_NAME)";
				TARGETED_DEVICE_FAMILY = "1,2";
				TEST_HOST = "$(BUILT_PRODUCTS_DIR)/AirElves.app/AirElves";
			};
			name = Debug;
		};
		7F89AAC7216C88B20044B547 /* Release */ = {
			isa = XCBuildConfiguration;
			buildSettings = {
				BUNDLE_LOADER = "$(TEST_HOST)";
				CODE_SIGN_STYLE = Automatic;
				DEVELOPMENT_TEAM = KTS2AWUZL8;
				INFOPLIST_FILE = AirElvesTests/Info.plist;
				LD_RUNPATH_SEARCH_PATHS = (
					"$(inherited)",
					"@executable_path/Frameworks",
					"@loader_path/Frameworks",
				);
				PRODUCT_BUNDLE_IDENTIFIER = com.HF.AirElvesTests;
				PRODUCT_NAME = "$(TARGET_NAME)";
				TARGETED_DEVICE_FAMILY = "1,2";
				TEST_HOST = "$(BUILT_PRODUCTS_DIR)/AirElves.app/AirElves";
			};
			name = Release;
		};
		7F89AAC9216C88B20044B547 /* Debug */ = {
			isa = XCBuildConfiguration;
			buildSettings = {
				CODE_SIGN_STYLE = Automatic;
				DEVELOPMENT_TEAM = KTS2AWUZL8;
				INFOPLIST_FILE = AirElvesUITests/Info.plist;
				LD_RUNPATH_SEARCH_PATHS = (
					"$(inherited)",
					"@executable_path/Frameworks",
					"@loader_path/Frameworks",
				);
				PRODUCT_BUNDLE_IDENTIFIER = com.HF.AirElvesUITests;
				PRODUCT_NAME = "$(TARGET_NAME)";
				TARGETED_DEVICE_FAMILY = "1,2";
				TEST_TARGET_NAME = AirElves;
			};
			name = Debug;
		};
		7F89AACA216C88B20044B547 /* Release */ = {
			isa = XCBuildConfiguration;
			buildSettings = {
				CODE_SIGN_STYLE = Automatic;
				DEVELOPMENT_TEAM = KTS2AWUZL8;
				INFOPLIST_FILE = AirElvesUITests/Info.plist;
				LD_RUNPATH_SEARCH_PATHS = (
					"$(inherited)",
					"@executable_path/Frameworks",
					"@loader_path/Frameworks",
				);
				PRODUCT_BUNDLE_IDENTIFIER = com.HF.AirElvesUITests;
				PRODUCT_NAME = "$(TARGET_NAME)";
				TARGETED_DEVICE_FAMILY = "1,2";
				TEST_TARGET_NAME = AirElves;
			};
			name = Release;
		};
/* End XCBuildConfiguration section */

/* Begin XCConfigurationList section */
		7F89AA91216C88A00044B547 /* Build configuration list for PBXProject "AirElves" */ = {
			isa = XCConfigurationList;
			buildConfigurations = (
				7F89AAC0216C88B20044B547 /* Debug */,
				7F89AAC1216C88B20044B547 /* Release */,
			);
			defaultConfigurationIsVisible = 0;
			defaultConfigurationName = Release;
		};
		7F89AAC2216C88B20044B547 /* Build configuration list for PBXNativeTarget "AirElves" */ = {
			isa = XCConfigurationList;
			buildConfigurations = (
				7F89AAC3216C88B20044B547 /* Debug */,
				7F89AAC4216C88B20044B547 /* Release */,
			);
			defaultConfigurationIsVisible = 0;
			defaultConfigurationName = Release;
		};
		7F89AAC5216C88B20044B547 /* Build configuration list for PBXNativeTarget "AirElvesTests" */ = {
			isa = XCConfigurationList;
			buildConfigurations = (
				7F89AAC6216C88B20044B547 /* Debug */,
				7F89AAC7216C88B20044B547 /* Release */,
			);
			defaultConfigurationIsVisible = 0;
			defaultConfigurationName = Release;
		};
		7F89AAC8216C88B20044B547 /* Build configuration list for PBXNativeTarget "AirElvesUITests" */ = {
			isa = XCConfigurationList;
			buildConfigurations = (
				7F89AAC9216C88B20044B547 /* Debug */,
				7F89AACA216C88B20044B547 /* Release */,
			);
			defaultConfigurationIsVisible = 0;
			defaultConfigurationName = Release;
		};
/* End XCConfigurationList section */
	};
	rootObject = 7F89AA8E216C88A00044B547 /* Project object */;
}
