// !$*UTF8*$!
{
	archiveVersion = 1;
	classes = {
	};
	objectVersion = 50;
	objects = {

/* Begin PBXBuildFile section */
		7F59ECD6216D88DD00963062 /* nickBg.png in Resources */ = {isa = PBXBuildFile; fileRef = 7F59ECD5216D88DD00963062 /* nickBg.png */; };
		7F59ECD8216D914A00963062 /* back.png in Resources */ = {isa = PBXBuildFile; fileRef = 7F59ECD7216D914A00963062 /* back.png */; };
		7F59ECDA216D950C00963062 /* setup.png in Resources */ = {isa = PBXBuildFile; fileRef = 7F59ECD9216D950C00963062 /* setup.png */; };
		7F59ECDD216D9A2200963062 /* add.png in Resources */ = {isa = PBXBuildFile; fileRef = 7F59ECDC216D9A2200963062 /* add.png */; };
		7F59ECE2216D9DFD00963062 /* MainDetailViewController.m in Sources */ = {isa = PBXBuildFile; fileRef = 7F59ECE0216D9DFD00963062 /* MainDetailViewController.m */; };
		7F59ECE3216D9DFD00963062 /* MainDetailViewController.xib in Resources */ = {isa = PBXBuildFile; fileRef = 7F59ECE1216D9DFD00963062 /* MainDetailViewController.xib */; };
		7F89AA9B216C88A00044B547 /* AppDelegate.m in Sources */ = {isa = PBXBuildFile; fileRef = 7F89AA9A216C88A00044B547 /* AppDelegate.m */; };
		7F89AA9E216C88A00044B547 /* ViewController.m in Sources */ = {isa = PBXBuildFile; fileRef = 7F89AA9D216C88A00044B547 /* ViewController.m */; };
		7F89AAA1216C88A00044B547 /* Main.storyboard in Resources */ = {isa = PBXBuildFile; fileRef = 7F89AA9F216C88A00044B547 /* Main.storyboard */; };
		7F89AAA3216C88B20044B547 /* Assets.xcassets in Resources */ = {isa = PBXBuildFile; fileRef = 7F89AAA2216C88B20044B547 /* Assets.xcassets */; };
		7F89AAA6216C88B20044B547 /* LaunchScreen.storyboard in Resources */ = {isa = PBXBuildFile; fileRef = 7F89AAA4216C88B20044B547 /* LaunchScreen.storyboard */; };
		7F89AAA9216C88B20044B547 /* main.m in Sources */ = {isa = PBXBuildFile; fileRef = 7F89AAA8216C88B20044B547 /* main.m */; };
		7F89AAB3216C88B20044B547 /* AirElvesTests.m in Sources */ = {isa = PBXBuildFile; fileRef = 7F89AAB2216C88B20044B547 /* AirElvesTests.m */; };
		7F89AABE216C88B20044B547 /* AirElvesUITests.m in Sources */ = {isa = PBXBuildFile; fileRef = 7F89AABD216C88B20044B547 /* AirElvesUITests.m */; };
		7F89AAD1216C981E0044B547 /* UIViewController+XLSlideMenu.m in Sources */ = {isa = PBXBuildFile; fileRef = 7F89AACE216C981E0044B547 /* UIViewController+XLSlideMenu.m */; };
		7F89AAD2216C981E0044B547 /* XLSlideMenu.m in Sources */ = {isa = PBXBuildFile; fileRef = 7F89AAD0216C981E0044B547 /* XLSlideMenu.m */; };
		7F89AAD9216C9A100044B547 /* header@2x.png in Resources */ = {isa = PBXBuildFile; fileRef = 7F89AAD4216C9A100044B547 /* header@2x.png */; };
		7F89AADA216C9A100044B547 /* more@2x.png in Resources */ = {isa = PBXBuildFile; fileRef = 7F89AAD5216C9A100044B547 /* more@2x.png */; };
		7F89AADB216C9A100044B547 /* navbarBackImage.png in Resources */ = {isa = PBXBuildFile; fileRef = 7F89AAD6216C9A100044B547 /* navbarBackImage.png */; };
		7F89AADC216C9A100044B547 /* QQChatList.png in Resources */ = {isa = PBXBuildFile; fileRef = 7F89AAD7216C9A100044B547 /* QQChatList.png */; };
		7F89AADD216C9A100044B547 /* QQLeftMenu.png in Resources */ = {isa = PBXBuildFile; fileRef = 7F89AAD8216C9A100044B547 /* QQLeftMenu.png */; };
		7F89AB1A216CA2B00044B547 /* NickTableViewCell.m in Sources */ = {isa = PBXBuildFile; fileRef = 7F89AAF2216CA2AF0044B547 /* NickTableViewCell.m */; };
		7F89AB1B216CA2B00044B547 /* NickTableViewCell.xib in Resources */ = {isa = PBXBuildFile; fileRef = 7F89AAF3216CA2AF0044B547 /* NickTableViewCell.xib */; };
		7F89AB1D216CA2B00044B547 /* about.png in Resources */ = {isa = PBXBuildFile; fileRef = 7F89AAF7216CA2AF0044B547 /* about.png */; };
		7F89AB1E216CA2B00044B547 /* aleax.png in Resources */ = {isa = PBXBuildFile; fileRef = 7F89AAF8216CA2AF0044B547 /* aleax.png */; };
		7F89AB1F216CA2B00044B547 /* amazon echo.png in Resources */ = {isa = PBXBuildFile; fileRef = 7F89AAF9216CA2AF0044B547 /* amazon echo.png */; };
		7F89AB20216CA2B00044B547 /* amazonbg.png in Resources */ = {isa = PBXBuildFile; fileRef = 7F89AAFA216CA2AF0044B547 /* amazonbg.png */; };
		7F89AB21216CA2B00044B547 /* feedback.png in Resources */ = {isa = PBXBuildFile; fileRef = 7F89AAFB216CA2AF0044B547 /* feedback.png */; };
		7F89AB22216CA2B00044B547 /* help.png in Resources */ = {isa = PBXBuildFile; fileRef = 7F89AAFC216CA2AF0044B547 /* help.png */; };
		7F89AB23216CA2B00044B547 /* person.png in Resources */ = {isa = PBXBuildFile; fileRef = 7F89AAFD216CA2AF0044B547 /* person.png */; };
		7F89AB24216CA2B00044B547 /* third.png in Resources */ = {isa = PBXBuildFile; fileRef = 7F89AAFE216CA2AF0044B547 /* third.png */; };
		7F89AB25216CA2B00044B547 /* 省略号.png in Resources */ = {isa = PBXBuildFile; fileRef = 7F89AAFF216CA2AF0044B547 /* 省略号.png */; };
		7F89AB28216CA2B00044B547 /* SetUpCellView.m in Sources */ = {isa = PBXBuildFile; fileRef = 7F89AB06216CA2AF0044B547 /* SetUpCellView.m */; };
		7F89AB29216CA2B00044B547 /* SetUpController.m in Sources */ = {isa = PBXBuildFile; fileRef = 7F89AB08216CA2AF0044B547 /* SetUpController.m */; };
		7F89AB2A216CA2B00044B547 /* SetUpInfo.plist in Resources */ = {isa = PBXBuildFile; fileRef = 7F89AB09216CA2AF0044B547 /* SetUpInfo.plist */; };
		7F89AB33216CA60D0044B547 /* PersonalsViewController.m in Sources */ = {isa = PBXBuildFile; fileRef = 7F89AB31216CA60D0044B547 /* PersonalsViewController.m */; };
		7F89AB34216CA60D0044B547 /* PersonalsViewController.xib in Resources */ = {isa = PBXBuildFile; fileRef = 7F89AB32216CA60D0044B547 /* PersonalsViewController.xib */; };
		7F89AB38216CA6A30044B547 /* PerInfoViewController.m in Sources */ = {isa = PBXBuildFile; fileRef = 7F89AB36216CA6A30044B547 /* PerInfoViewController.m */; };
		7F89AB39216CA6A30044B547 /* PerInfoViewController.xib in Resources */ = {isa = PBXBuildFile; fileRef = 7F89AB37216CA6A30044B547 /* PerInfoViewController.xib */; };
		7F89AB3D216CA7EB0044B547 /* MSAlertController.m in Sources */ = {isa = PBXBuildFile; fileRef = 7F89AB3C216CA7EB0044B547 /* MSAlertController.m */; };
		7FDD3A18216DAB2C00D28AFD /* SceneSetViewController.m in Sources */ = {isa = PBXBuildFile; fileRef = 7FDD3A16216DAB2C00D28AFD /* SceneSetViewController.m */; };
		7FDD3A19216DAB2C00D28AFD /* SceneSetViewController.xib in Resources */ = {isa = PBXBuildFile; fileRef = 7FDD3A17216DAB2C00D28AFD /* SceneSetViewController.xib */; };
/* End PBXBuildFile section */

/* Begin PBXContainerItemProxy section */
		7F89AAAF216C88B20044B547 /* PBXContainerItemProxy */ = {
			isa = PBXContainerItemProxy;
			containerPortal = 7F89AA8E216C88A00044B547 /* Project object */;
			proxyType = 1;
			remoteGlobalIDString = 7F89AA95216C88A00044B547;
			remoteInfo = AirElves;
		};
		7F89AABA216C88B20044B547 /* PBXContainerItemProxy */ = {
			isa = PBXContainerItemProxy;
			containerPortal = 7F89AA8E216C88A00044B547 /* Project object */;
			proxyType = 1;
			remoteGlobalIDString = 7F89AA95216C88A00044B547;
			remoteInfo = AirElves;
		};
/* End PBXContainerItemProxy section */

/* Begin PBXFileReference section */
		7F59ECD5216D88DD00963062 /* nickBg.png */ = {isa = PBXFileReference; lastKnownFileType = image.png; path = nickBg.png; sourceTree = "<group>"; };
		7F59ECD7216D914A00963062 /* back.png */ = {isa = PBXFileReference; lastKnownFileType = image.png; path = back.png; sourceTree = "<group>"; };
		7F59ECD9216D950C00963062 /* setup.png */ = {isa = PBXFileReference; lastKnownFileType = image.png; path = setup.png; sourceTree = "<group>"; };
		7F59ECDB216D990500963062 /* Common.h */ = {isa = PBXFileReference; lastKnownFileType = sourcecode.c.h; path = Common.h; sourceTree = "<group>"; };
		7F59ECDC216D9A2200963062 /* add.png */ = {isa = PBXFileReference; lastKnownFileType = image.png; path = add.png; sourceTree = "<group>"; };
		7F59ECDF216D9DFD00963062 /* MainDetailViewController.h */ = {isa = PBXFileReference; lastKnownFileType = sourcecode.c.h; path = MainDetailViewController.h; sourceTree = "<group>"; };
		7F59ECE0216D9DFD00963062 /* MainDetailViewController.m */ = {isa = PBXFileReference; lastKnownFileType = sourcecode.c.objc; path = MainDetailViewController.m; sourceTree = "<group>"; };
		7F59ECE1216D9DFD00963062 /* MainDetailViewController.xib */ = {isa = PBXFileReference; lastKnownFileType = file.xib; path = MainDetailViewController.xib; sourceTree = "<group>"; };
		7F89AA96216C88A00044B547 /* AirElves.app */ = {isa = PBXFileReference; explicitFileType = wrapper.application; includeInIndex = 0; path = AirElves.app; sourceTree = BUILT_PRODUCTS_DIR; };
		7F89AA99216C88A00044B547 /* AppDelegate.h */ = {isa = PBXFileReference; lastKnownFileType = sourcecode.c.h; path = AppDelegate.h; sourceTree = "<group>"; };
		7F89AA9A216C88A00044B547 /* AppDelegate.m */ = {isa = PBXFileReference; lastKnownFileType = sourcecode.c.objc; path = AppDelegate.m; sourceTree = "<group>"; };
		7F89AA9C216C88A00044B547 /* ViewController.h */ = {isa = PBXFileReference; lastKnownFileType = sourcecode.c.h; path = ViewController.h; sourceTree = "<group>"; };
		7F89AA9D216C88A00044B547 /* ViewController.m */ = {isa = PBXFileReference; lastKnownFileType = sourcecode.c.objc; path = ViewController.m; sourceTree = "<group>"; };
		7F89AAA0216C88A00044B547 /* Base */ = {isa = PBXFileReference; lastKnownFileType = file.storyboard; name = Base; path = Base.lproj/Main.storyboard; sourceTree = "<group>"; };
		7F89AAA2216C88B20044B547 /* Assets.xcassets */ = {isa = PBXFileReference; lastKnownFileType = folder.assetcatalog; path = Assets.xcassets; sourceTree = "<group>"; };
		7F89AAA5216C88B20044B547 /* Base */ = {isa = PBXFileReference; lastKnownFileType = file.storyboard; name = Base; path = Base.lproj/LaunchScreen.storyboard; sourceTree = "<group>"; };
		7F89AAA7216C88B20044B547 /* Info.plist */ = {isa = PBXFileReference; lastKnownFileType = text.plist.xml; path = Info.plist; sourceTree = "<group>"; };
		7F89AAA8216C88B20044B547 /* main.m */ = {isa = PBXFileReference; lastKnownFileType = sourcecode.c.objc; path = main.m; sourceTree = "<group>"; };
		7F89AAAE216C88B20044B547 /* AirElvesTests.xctest */ = {isa = PBXFileReference; explicitFileType = wrapper.cfbundle; includeInIndex = 0; path = AirElvesTests.xctest; sourceTree = BUILT_PRODUCTS_DIR; };
		7F89AAB2216C88B20044B547 /* AirElvesTests.m */ = {isa = PBXFileReference; lastKnownFileType = sourcecode.c.objc; path = AirElvesTests.m; sourceTree = "<group>"; };
		7F89AAB4216C88B20044B547 /* Info.plist */ = {isa = PBXFileReference; lastKnownFileType = text.plist.xml; path = Info.plist; sourceTree = "<group>"; };
		7F89AAB9216C88B20044B547 /* AirElvesUITests.xctest */ = {isa = PBXFileReference; explicitFileType = wrapper.cfbundle; includeInIndex = 0; path = AirElvesUITests.xctest; sourceTree = BUILT_PRODUCTS_DIR; };
		7F89AABD216C88B20044B547 /* AirElvesUITests.m */ = {isa = PBXFileReference; lastKnownFileType = sourcecode.c.objc; path = AirElvesUITests.m; sourceTree = "<group>"; };
		7F89AABF216C88B20044B547 /* Info.plist */ = {isa = PBXFileReference; lastKnownFileType = text.plist.xml; path = Info.plist; sourceTree = "<group>"; };
		7F89AACD216C981E0044B547 /* UIViewController+XLSlideMenu.h */ = {isa = PBXFileReference; fileEncoding = 4; lastKnownFileType = sourcecode.c.h; path = "UIViewController+XLSlideMenu.h"; sourceTree = "<group>"; };
		7F89AACE216C981E0044B547 /* UIViewController+XLSlideMenu.m */ = {isa = PBXFileReference; fileEncoding = 4; lastKnownFileType = sourcecode.c.objc; path = "UIViewController+XLSlideMenu.m"; sourceTree = "<group>"; };
		7F89AACF216C981E0044B547 /* XLSlideMenu.h */ = {isa = PBXFileReference; fileEncoding = 4; lastKnownFileType = sourcecode.c.h; path = XLSlideMenu.h; sourceTree = "<group>"; };
		7F89AAD0216C981E0044B547 /* XLSlideMenu.m */ = {isa = PBXFileReference; fileEncoding = 4; lastKnownFileType = sourcecode.c.objc; path = XLSlideMenu.m; sourceTree = "<group>"; };
		7F89AAD4216C9A100044B547 /* header@2x.png */ = {isa = PBXFileReference; lastKnownFileType = image.png; path = "header@2x.png"; sourceTree = "<group>"; };
		7F89AAD5216C9A100044B547 /* more@2x.png */ = {isa = PBXFileReference; lastKnownFileType = image.png; path = "more@2x.png"; sourceTree = "<group>"; };
		7F89AAD6216C9A100044B547 /* navbarBackImage.png */ = {isa = PBXFileReference; lastKnownFileType = image.png; path = navbarBackImage.png; sourceTree = "<group>"; };
		7F89AAD7216C9A100044B547 /* QQChatList.png */ = {isa = PBXFileReference; lastKnownFileType = image.png; path = QQChatList.png; sourceTree = "<group>"; };
		7F89AAD8216C9A100044B547 /* QQLeftMenu.png */ = {isa = PBXFileReference; lastKnownFileType = image.png; path = QQLeftMenu.png; sourceTree = "<group>"; };
		7F89AAF1216CA2AF0044B547 /* NickTableViewCell.h */ = {isa = PBXFileReference; fileEncoding = 4; lastKnownFileType = sourcecode.c.h; path = NickTableViewCell.h; sourceTree = "<group>"; };
		7F89AAF2216CA2AF0044B547 /* NickTableViewCell.m */ = {isa = PBXFileReference; fileEncoding = 4; lastKnownFileType = sourcecode.c.objc; path = NickTableViewCell.m; sourceTree = "<group>"; };
		7F89AAF3216CA2AF0044B547 /* NickTableViewCell.xib */ = {isa = PBXFileReference; fileEncoding = 4; lastKnownFileType = file.xib; path = NickTableViewCell.xib; sourceTree = "<group>"; };
		7F89AAF7216CA2AF0044B547 /* about.png */ = {isa = PBXFileReference; lastKnownFileType = image.png; path = about.png; sourceTree = "<group>"; };
		7F89AAF8216CA2AF0044B547 /* aleax.png */ = {isa = PBXFileReference; lastKnownFileType = image.png; path = aleax.png; sourceTree = "<group>"; };
		7F89AAF9216CA2AF0044B547 /* amazon echo.png */ = {isa = PBXFileReference; lastKnownFileType = image.png; path = "amazon echo.png"; sourceTree = "<group>"; };
		7F89AAFA216CA2AF0044B547 /* amazonbg.png */ = {isa = PBXFileReference; lastKnownFileType = image.png; path = amazonbg.png; sourceTree = "<group>"; };
		7F89AAFB216CA2AF0044B547 /* feedback.png */ = {isa = PBXFileReference; lastKnownFileType = image.png; path = feedback.png; sourceTree = "<group>"; };
		7F89AAFC216CA2AF0044B547 /* help.png */ = {isa = PBXFileReference; lastKnownFileType = image.png; path = help.png; sourceTree = "<group>"; };
		7F89AAFD216CA2AF0044B547 /* person.png */ = {isa = PBXFileReference; lastKnownFileType = image.png; path = person.png; sourceTree = "<group>"; };
		7F89AAFE216CA2AF0044B547 /* third.png */ = {isa = PBXFileReference; lastKnownFileType = image.png; path = third.png; sourceTree = "<group>"; };
		7F89AAFF216CA2AF0044B547 /* 省略号.png */ = {isa = PBXFileReference; lastKnownFileType = image.png; path = "省略号.png"; sourceTree = "<group>"; };
		7F89AB05216CA2AF0044B547 /* SetUpCellView.h */ = {isa = PBXFileReference; fileEncoding = 4; lastKnownFileType = sourcecode.c.h; path = SetUpCellView.h; sourceTree = "<group>"; };
		7F89AB06216CA2AF0044B547 /* SetUpCellView.m */ = {isa = PBXFileReference; fileEncoding = 4; lastKnownFileType = sourcecode.c.objc; path = SetUpCellView.m; sourceTree = "<group>"; };
		7F89AB07216CA2AF0044B547 /* SetUpController.h */ = {isa = PBXFileReference; fileEncoding = 4; lastKnownFileType = sourcecode.c.h; path = SetUpController.h; sourceTree = "<group>"; };
		7F89AB08216CA2AF0044B547 /* SetUpController.m */ = {isa = PBXFileReference; fileEncoding = 4; lastKnownFileType = sourcecode.c.objc; path = SetUpController.m; sourceTree = "<group>"; };
		7F89AB09216CA2AF0044B547 /* SetUpInfo.plist */ = {isa = PBXFileReference; fileEncoding = 4; lastKnownFileType = text.plist.xml; path = SetUpInfo.plist; sourceTree = "<group>"; };
		7F89AB30216CA60D0044B547 /* PersonalsViewController.h */ = {isa = PBXFileReference; lastKnownFileType = sourcecode.c.h; path = PersonalsViewController.h; sourceTree = "<group>"; };
		7F89AB31216CA60D0044B547 /* PersonalsViewController.m */ = {isa = PBXFileReference; lastKnownFileType = sourcecode.c.objc; path = PersonalsViewController.m; sourceTree = "<group>"; };
		7F89AB32216CA60D0044B547 /* PersonalsViewController.xib */ = {isa = PBXFileReference; lastKnownFileType = file.xib; path = PersonalsViewController.xib; sourceTree = "<group>"; };
		7F89AB35216CA6A30044B547 /* PerInfoViewController.h */ = {isa = PBXFileReference; lastKnownFileType = sourcecode.c.h; path = PerInfoViewController.h; sourceTree = "<group>"; };
		7F89AB36216CA6A30044B547 /* PerInfoViewController.m */ = {isa = PBXFileReference; lastKnownFileType = sourcecode.c.objc; path = PerInfoViewController.m; sourceTree = "<group>"; };
		7F89AB37216CA6A30044B547 /* PerInfoViewController.xib */ = {isa = PBXFileReference; lastKnownFileType = file.xib; path = PerInfoViewController.xib; sourceTree = "<group>"; };
		7F89AB3B216CA7EB0044B547 /* MSAlertController.h */ = {isa = PBXFileReference; fileEncoding = 4; lastKnownFileType = sourcecode.c.h; path = MSAlertController.h; sourceTree = "<group>"; };
		7F89AB3C216CA7EB0044B547 /* MSAlertController.m */ = {isa = PBXFileReference; fileEncoding = 4; lastKnownFileType = sourcecode.c.objc; path = MSAlertController.m; sourceTree = "<group>"; };
		7FDD3A15216DAB2C00D28AFD /* SceneSetViewController.h */ = {isa = PBXFileReference; fileEncoding = 4; lastKnownFileType = sourcecode.c.h; path = SceneSetViewController.h; sourceTree = "<group>"; };
		7FDD3A16216DAB2C00D28AFD /* SceneSetViewController.m */ = {isa = PBXFileReference; fileEncoding = 4; lastKnownFileType = sourcecode.c.objc; path = SceneSetViewController.m; sourceTree = "<group>"; };
		7FDD3A17216DAB2C00D28AFD /* SceneSetViewController.xib */ = {isa = PBXFileReference; fileEncoding = 4; lastKnownFileType = file.xib; path = SceneSetViewController.xib; sourceTree = "<group>"; };
/* End PBXFileReference section */

/* Begin PBXFrameworksBuildPhase section */
		7F89AA93216C88A00044B547 /* Frameworks */ = {
			isa = PBXFrameworksBuildPhase;
			buildActionMask = 2147483647;
			files = (
			);
			runOnlyForDeploymentPostprocessing = 0;
		};
		7F89AAAB216C88B20044B547 /* Frameworks */ = {
			isa = PBXFrameworksBuildPhase;
			buildActionMask = 2147483647;
			files = (
			);
			runOnlyForDeploymentPostprocessing = 0;
		};
		7F89AAB6216C88B20044B547 /* Frameworks */ = {
			isa = PBXFrameworksBuildPhase;
			buildActionMask = 2147483647;
			files = (
			);
			runOnlyForDeploymentPostprocessing = 0;
		};
/* End PBXFrameworksBuildPhase section */

/* Begin PBXGroup section */
		7F59ECDE216D9DDC00963062 /* DetailInfo */ = {
			isa = PBXGroup;
			children = (
				7F59ECDF216D9DFD00963062 /* MainDetailViewController.h */,
				7F59ECE0216D9DFD00963062 /* MainDetailViewController.m */,
				7F59ECE1216D9DFD00963062 /* MainDetailViewController.xib */,
			);
			path = DetailInfo;
			sourceTree = "<group>";
		};
		7F89AA8D216C88A00044B547 = {
			isa = PBXGroup;
			children = (
				7F89AA98216C88A00044B547 /* AirElves */,
				7F89AAB1216C88B20044B547 /* AirElvesTests */,
				7F89AABC216C88B20044B547 /* AirElvesUITests */,
				7F89AA97216C88A00044B547 /* Products */,
			);
			sourceTree = "<group>";
		};
		7F89AA97216C88A00044B547 /* Products */ = {
			isa = PBXGroup;
			children = (
				7F89AA96216C88A00044B547 /* AirElves.app */,
				7F89AAAE216C88B20044B547 /* AirElvesTests.xctest */,
				7F89AAB9216C88B20044B547 /* AirElvesUITests.xctest */,
			);
			name = Products;
			sourceTree = "<group>";
		};
		7F89AA98216C88A00044B547 /* AirElves */ = {
			isa = PBXGroup;
			children = (
				7F89AAD3216C9A100044B547 /* Resource */,
				7F89AA99216C88A00044B547 /* AppDelegate.h */,
				7F89AA9A216C88A00044B547 /* AppDelegate.m */,
				7F59ECDB216D990500963062 /* Common.h */,
				7F89AADE216C9E9F0044B547 /* viewcontrollers */,
				7F89AACB216C97F90044B547 /* thirdPart */,
				7F89AA9F216C88A00044B547 /* Main.storyboard */,
				7F89AAA2216C88B20044B547 /* Assets.xcassets */,
				7F89AAA4216C88B20044B547 /* LaunchScreen.storyboard */,
				7F89AAA7216C88B20044B547 /* Info.plist */,
				7F89AAA8216C88B20044B547 /* main.m */,
			);
			path = AirElves;
			sourceTree = "<group>";
		};
		7F89AAB1216C88B20044B547 /* AirElvesTests */ = {
			isa = PBXGroup;
			children = (
				7F89AAB2216C88B20044B547 /* AirElvesTests.m */,
				7F89AAB4216C88B20044B547 /* Info.plist */,
			);
			path = AirElvesTests;
			sourceTree = "<group>";
		};
		7F89AABC216C88B20044B547 /* AirElvesUITests */ = {
			isa = PBXGroup;
			children = (
				7F89AABD216C88B20044B547 /* AirElvesUITests.m */,
				7F89AABF216C88B20044B547 /* Info.plist */,
			);
			path = AirElvesUITests;
			sourceTree = "<group>";
		};
		7F89AACB216C97F90044B547 /* thirdPart */ = {
			isa = PBXGroup;
			children = (
				7F89AB3A216CA7DC0044B547 /* MSAlertView */,
				7F89AACC216C981D0044B547 /* XLSlideMenu */,
			);
			path = thirdPart;
			sourceTree = "<group>";
		};
		7F89AACC216C981D0044B547 /* XLSlideMenu */ = {
			isa = PBXGroup;
			children = (
				7F89AACD216C981E0044B547 /* UIViewController+XLSlideMenu.h */,
				7F89AACE216C981E0044B547 /* UIViewController+XLSlideMenu.m */,
				7F89AACF216C981E0044B547 /* XLSlideMenu.h */,
				7F89AAD0216C981E0044B547 /* XLSlideMenu.m */,
			);
			path = XLSlideMenu;
			sourceTree = "<group>";
		};
		7F89AAD3216C9A100044B547 /* Resource */ = {
			isa = PBXGroup;
			children = (
				7F59ECDC216D9A2200963062 /* add.png */,
				7F59ECD7216D914A00963062 /* back.png */,
				7F89AAD4216C9A100044B547 /* header@2x.png */,
				7F89AAD5216C9A100044B547 /* more@2x.png */,
				7F89AAD6216C9A100044B547 /* navbarBackImage.png */,
				7F89AAD7216C9A100044B547 /* QQChatList.png */,
				7F89AAD8216C9A100044B547 /* QQLeftMenu.png */,
				7F59ECD5216D88DD00963062 /* nickBg.png */,
			);
			path = Resource;
			sourceTree = "<group>";
		};
		7F89AADE216C9E9F0044B547 /* viewcontrollers */ = {
			isa = PBXGroup;
			children = (
				7F89AAE4216CA2AF0044B547 /* SetUp */,
				7F89AA9C216C88A00044B547 /* ViewController.h */,
				7F89AA9D216C88A00044B547 /* ViewController.m */,
				7F59ECDE216D9DDC00963062 /* DetailInfo */,
			);
			path = viewcontrollers;
			sourceTree = "<group>";
		};
		7F89AAE4216CA2AF0044B547 /* SetUp */ = {
			isa = PBXGroup;
			children = (
				7FDD3A14216DAB2C00D28AFD /* SenceSet */,
				7F89AAF0216CA2AF0044B547 /* Personal */,
				7F89AB00216CA2AF0044B547 /* PersonalInfo */,
				7F89AB05216CA2AF0044B547 /* SetUpCellView.h */,
				7F89AB06216CA2AF0044B547 /* SetUpCellView.m */,
				7F89AB07216CA2AF0044B547 /* SetUpController.h */,
				7F89AB08216CA2AF0044B547 /* SetUpController.m */,
				7F89AB09216CA2AF0044B547 /* SetUpInfo.plist */,
			);
			path = SetUp;
			sourceTree = "<group>";
		};
		7F89AAF0216CA2AF0044B547 /* Personal */ = {
			isa = PBXGroup;
			children = (
				7F89AAF1216CA2AF0044B547 /* NickTableViewCell.h */,
				7F89AAF2216CA2AF0044B547 /* NickTableViewCell.m */,
				7F89AAF3216CA2AF0044B547 /* NickTableViewCell.xib */,
				7F89AB30216CA60D0044B547 /* PersonalsViewController.h */,
				7F89AB31216CA60D0044B547 /* PersonalsViewController.m */,
				7F89AB32216CA60D0044B547 /* PersonalsViewController.xib */,
				7F89AAF6216CA2AF0044B547 /* resource */,
			);
			path = Personal;
			sourceTree = "<group>";
		};
		7F89AAF6216CA2AF0044B547 /* resource */ = {
			isa = PBXGroup;
			children = (
				7F59ECD9216D950C00963062 /* setup.png */,
				7F89AAF7216CA2AF0044B547 /* about.png */,
				7F89AAF8216CA2AF0044B547 /* aleax.png */,
				7F89AAF9216CA2AF0044B547 /* amazon echo.png */,
				7F89AAFA216CA2AF0044B547 /* amazonbg.png */,
				7F89AAFB216CA2AF0044B547 /* feedback.png */,
				7F89AAFC216CA2AF0044B547 /* help.png */,
				7F89AAFD216CA2AF0044B547 /* person.png */,
				7F89AAFE216CA2AF0044B547 /* third.png */,
				7F89AAFF216CA2AF0044B547 /* 省略号.png */,
			);
			path = resource;
			sourceTree = "<group>";
		};
		7F89AB00216CA2AF0044B547 /* PersonalInfo */ = {
			isa = PBXGroup;
			children = (
				7F89AB35216CA6A30044B547 /* PerInfoViewController.h */,
				7F89AB36216CA6A30044B547 /* PerInfoViewController.m */,
				7F89AB37216CA6A30044B547 /* PerInfoViewController.xib */,
			);
			path = PersonalInfo;
			sourceTree = "<group>";
		};
		7F89AB3A216CA7DC0044B547 /* MSAlertView */ = {
			isa = PBXGroup;
			children = (
				7F89AB3B216CA7EB0044B547 /* MSAlertController.h */,
				7F89AB3C216CA7EB0044B547 /* MSAlertController.m */,
			);
			path = MSAlertView;
			sourceTree = "<group>";
		};
		7FDD3A14216DAB2C00D28AFD /* SenceSet */ = {
			isa = PBXGroup;
			children = (
				7FDD3A15216DAB2C00D28AFD /* SceneSetViewController.h */,
				7FDD3A16216DAB2C00D28AFD /* SceneSetViewController.m */,
				7FDD3A17216DAB2C00D28AFD /* SceneSetViewController.xib */,
			);
			path = SenceSet;
			sourceTree = "<group>";
		};
/* End PBXGroup section */

/* Begin PBXNativeTarget section */
		7F89AA95216C88A00044B547 /* AirElves */ = {
			isa = PBXNativeTarget;
			buildConfigurationList = 7F89AAC2216C88B20044B547 /* Build configuration list for PBXNativeTarget "AirElves" */;
			buildPhases = (
				7F89AA92216C88A00044B547 /* Sources */,
				7F89AA93216C88A00044B547 /* Frameworks */,
				7F89AA94216C88A00044B547 /* Resources */,
			);
			buildRules = (
			);
			dependencies = (
			);
			name = AirElves;
			productName = AirElves;
			productReference = 7F89AA96216C88A00044B547 /* AirElves.app */;
			productType = "com.apple.product-type.application";
		};
		7F89AAAD216C88B20044B547 /* AirElvesTests */ = {
			isa = PBXNativeTarget;
			buildConfigurationList = 7F89AAC5216C88B20044B547 /* Build configuration list for PBXNativeTarget "AirElvesTests" */;
			buildPhases = (
				7F89AAAA216C88B20044B547 /* Sources */,
				7F89AAAB216C88B20044B547 /* Frameworks */,
				7F89AAAC216C88B20044B547 /* Resources */,
			);
			buildRules = (
			);
			dependencies = (
				7F89AAB0216C88B20044B547 /* PBXTargetDependency */,
			);
			name = AirElvesTests;
			productName = AirElvesTests;
			productReference = 7F89AAAE216C88B20044B547 /* AirElvesTests.xctest */;
			productType = "com.apple.product-type.bundle.unit-test";
		};
		7F89AAB8216C88B20044B547 /* AirElvesUITests */ = {
			isa = PBXNativeTarget;
			buildConfigurationList = 7F89AAC8216C88B20044B547 /* Build configuration list for PBXNativeTarget "AirElvesUITests" */;
			buildPhases = (
				7F89AAB5216C88B20044B547 /* Sources */,
				7F89AAB6216C88B20044B547 /* Frameworks */,
				7F89AAB7216C88B20044B547 /* Resources */,
			);
			buildRules = (
			);
			dependencies = (
				7F89AABB216C88B20044B547 /* PBXTargetDependency */,
			);
			name = AirElvesUITests;
			productName = AirElvesUITests;
			productReference = 7F89AAB9216C88B20044B547 /* AirElvesUITests.xctest */;
			productType = "com.apple.product-type.bundle.ui-testing";
		};
/* End PBXNativeTarget section */

/* Begin PBXProject section */
		7F89AA8E216C88A00044B547 /* Project object */ = {
			isa = PBXProject;
			attributes = {
				LastUpgradeCheck = 0930;
				ORGANIZATIONNAME = com.HF;
				TargetAttributes = {
					7F89AA95216C88A00044B547 = {
						CreatedOnToolsVersion = 9.3;
					};
					7F89AAAD216C88B20044B547 = {
						CreatedOnToolsVersion = 9.3;
						TestTargetID = 7F89AA95216C88A00044B547;
					};
					7F89AAB8216C88B20044B547 = {
						CreatedOnToolsVersion = 9.3;
						TestTargetID = 7F89AA95216C88A00044B547;
					};
				};
			};
			buildConfigurationList = 7F89AA91216C88A00044B547 /* Build configuration list for PBXProject "AirElves" */;
			compatibilityVersion = "Xcode 9.3";
			developmentRegion = en;
			hasScannedForEncodings = 0;
			knownRegions = (
				en,
				Base,
			);
			mainGroup = 7F89AA8D216C88A00044B547;
			productRefGroup = 7F89AA97216C88A00044B547 /* Products */;
			projectDirPath = "";
			projectRoot = "";
			targets = (
				7F89AA95216C88A00044B547 /* AirElves */,
				7F89AAAD216C88B20044B547 /* AirElvesTests */,
				7F89AAB8216C88B20044B547 /* AirElvesUITests */,
			);
		};
/* End PBXProject section */

/* Begin PBXResourcesBuildPhase section */
		7F89AA94216C88A00044B547 /* Resources */ = {
			isa = PBXResourcesBuildPhase;
			buildActionMask = 2147483647;
			files = (
				7F89AB39216CA6A30044B547 /* PerInfoViewController.xib in Resources */,
				7F59ECD6216D88DD00963062 /* nickBg.png in Resources */,
				7F89AB1B216CA2B00044B547 /* NickTableViewCell.xib in Resources */,
				7F89AADB216C9A100044B547 /* navbarBackImage.png in Resources */,
				7F89AB20216CA2B00044B547 /* amazonbg.png in Resources */,
				7F89AAA6216C88B20044B547 /* LaunchScreen.storyboard in Resources */,
				7F89AB22216CA2B00044B547 /* help.png in Resources */,
				7F89AADC216C9A100044B547 /* QQChatList.png in Resources */,
				7F89AADD216C9A100044B547 /* QQLeftMenu.png in Resources */,
				7F89AB1F216CA2B00044B547 /* amazon echo.png in Resources */,
				7F89AB23216CA2B00044B547 /* person.png in Resources */,
				7F89AB2A216CA2B00044B547 /* SetUpInfo.plist in Resources */,
				7F89AAA3216C88B20044B547 /* Assets.xcassets in Resources */,
				7F89AAA1216C88A00044B547 /* Main.storyboard in Resources */,
				7F89AB34216CA60D0044B547 /* PersonalsViewController.xib in Resources */,
				7F89AB25216CA2B00044B547 /* 省略号.png in Resources */,
				7F89AAD9216C9A100044B547 /* header@2x.png in Resources */,
				7F89AB1D216CA2B00044B547 /* about.png in Resources */,
				7FDD3A19216DAB2C00D28AFD /* SceneSetViewController.xib in Resources */,
				7F89AADA216C9A100044B547 /* more@2x.png in Resources */,
				7F59ECDA216D950C00963062 /* setup.png in Resources */,
				7F59ECD8216D914A00963062 /* back.png in Resources */,
				7F89AB21216CA2B00044B547 /* feedback.png in Resources */,
				7F59ECE3216D9DFD00963062 /* MainDetailViewController.xib in Resources */,
				7F89AB1E216CA2B00044B547 /* aleax.png in Resources */,
				7F89AB24216CA2B00044B547 /* third.png in Resources */,
				7F59ECDD216D9A2200963062 /* add.png in Resources */,
			);
			runOnlyForDeploymentPostprocessing = 0;
		};
		7F89AAAC216C88B20044B547 /* Resources */ = {
			isa = PBXResourcesBuildPhase;
			buildActionMask = 2147483647;
			files = (
			);
			runOnlyForDeploymentPostprocessing = 0;
		};
		7F89AAB7216C88B20044B547 /* Resources */ = {
			isa = PBXResourcesBuildPhase;
			buildActionMask = 2147483647;
			files = (
			);
			runOnlyForDeploymentPostprocessing = 0;
		};
/* End PBXResourcesBuildPhase section */

/* Begin PBXSourcesBuildPhase section */
		7F89AA92216C88A00044B547 /* Sources */ = {
			isa = PBXSourcesBuildPhase;
			buildActionMask = 2147483647;
			files = (
				7F59ECE2216D9DFD00963062 /* MainDetailViewController.m in Sources */,
				7FDD3A18216DAB2C00D28AFD /* SceneSetViewController.m in Sources */,
				7F89AB29216CA2B00044B547 /* SetUpController.m in Sources */,
				7F89AB1A216CA2B00044B547 /* NickTableViewCell.m in Sources */,
				7F89AA9E216C88A00044B547 /* ViewController.m in Sources */,
				7F89AAA9216C88B20044B547 /* main.m in Sources */,
				7F89AB28216CA2B00044B547 /* SetUpCellView.m in Sources */,
				7F89AAD2216C981E0044B547 /* XLSlideMenu.m in Sources */,
				7F89AB33216CA60D0044B547 /* PersonalsViewController.m in Sources */,
				7F89AA9B216C88A00044B547 /* AppDelegate.m in Sources */,
				7F89AB38216CA6A30044B547 /* PerInfoViewController.m in Sources */,
				7F89AB3D216CA7EB0044B547 /* MSAlertController.m in Sources */,
				7F89AAD1216C981E0044B547 /* UIViewController+XLSlideMenu.m in Sources */,
			);
			runOnlyForDeploymentPostprocessing = 0;
		};
		7F89AAAA216C88B20044B547 /* Sources */ = {
			isa = PBXSourcesBuildPhase;
			buildActionMask = 2147483647;
			files = (
				7F89AAB3216C88B20044B547 /* AirElvesTests.m in Sources */,
			);
			runOnlyForDeploymentPostprocessing = 0;
		};
		7F89AAB5216C88B20044B547 /* Sources */ = {
			isa = PBXSourcesBuildPhase;
			buildActionMask = 2147483647;
			files = (
				7F89AABE216C88B20044B547 /* AirElvesUITests.m in Sources */,
			);
			runOnlyForDeploymentPostprocessing = 0;
		};
/* End PBXSourcesBuildPhase section */

/* Begin PBXTargetDependency section */
		7F89AAB0216C88B20044B547 /* PBXTargetDependency */ = {
			isa = PBXTargetDependency;
			target = 7F89AA95216C88A00044B547 /* AirElves */;
			targetProxy = 7F89AAAF216C88B20044B547 /* PBXContainerItemProxy */;
		};
		7F89AABB216C88B20044B547 /* PBXTargetDependency */ = {
			isa = PBXTargetDependency;
			target = 7F89AA95216C88A00044B547 /* AirElves */;
			targetProxy = 7F89AABA216C88B20044B547 /* PBXContainerItemProxy */;
		};
/* End PBXTargetDependency section */

/* Begin PBXVariantGroup section */
		7F89AA9F216C88A00044B547 /* Main.storyboard */ = {
			isa = PBXVariantGroup;
			children = (
				7F89AAA0216C88A00044B547 /* Base */,
			);
			name = Main.storyboard;
			sourceTree = "<group>";
		};
		7F89AAA4216C88B20044B547 /* LaunchScreen.storyboard */ = {
			isa = PBXVariantGroup;
			children = (
				7F89AAA5216C88B20044B547 /* Base */,
			);
			name = LaunchScreen.storyboard;
			sourceTree = "<group>";
		};
/* End PBXVariantGroup section */

/* Begin XCBuildConfiguration section */
		7F89AAC0216C88B20044B547 /* Debug */ = {
			isa = XCBuildConfiguration;
			buildSettings = {
				ALWAYS_SEARCH_USER_PATHS = NO;
				CLANG_ANALYZER_NONNULL = YES;
				CLANG_ANALYZER_NUMBER_OBJECT_CONVERSION = YES_AGGRESSIVE;
				CLANG_CXX_LANGUAGE_STANDARD = "gnu++14";
				CLANG_CXX_LIBRARY = "libc++";
				CLANG_ENABLE_MODULES = YES;
				CLANG_ENABLE_OBJC_ARC = YES;
				CLANG_ENABLE_OBJC_WEAK = YES;
				CLANG_WARN_BLOCK_CAPTURE_AUTORELEASING = YES;
				CLANG_WARN_BOOL_CONVERSION = YES;
				CLANG_WARN_COMMA = YES;
				CLANG_WARN_CONSTANT_CONVERSION = YES;
				CLANG_WARN_DEPRECATED_OBJC_IMPLEMENTATIONS = YES;
				CLANG_WARN_DIRECT_OBJC_ISA_USAGE = YES_ERROR;
				CLANG_WARN_DOCUMENTATION_COMMENTS = YES;
				CLANG_WARN_EMPTY_BODY = YES;
				CLANG_WARN_ENUM_CONVERSION = YES;
				CLANG_WARN_INFINITE_RECURSION = YES;
				CLANG_WARN_INT_CONVERSION = YES;
				CLANG_WARN_NON_LITERAL_NULL_CONVERSION = YES;
				CLANG_WARN_OBJC_IMPLICIT_RETAIN_SELF = YES;
				CLANG_WARN_OBJC_LITERAL_CONVERSION = YES;
				CLANG_WARN_OBJC_ROOT_CLASS = YES_ERROR;
				CLANG_WARN_RANGE_LOOP_ANALYSIS = YES;
				CLANG_WARN_STRICT_PROTOTYPES = YES;
				CLANG_WARN_SUSPICIOUS_MOVE = YES;
				CLANG_WARN_UNGUARDED_AVAILABILITY = YES_AGGRESSIVE;
				CLANG_WARN_UNREACHABLE_CODE = YES;
				CLANG_WARN__DUPLICATE_METHOD_MATCH = YES;
				CODE_SIGN_IDENTITY = "iPhone Developer";
				COPY_PHASE_STRIP = NO;
				DEBUG_INFORMATION_FORMAT = dwarf;
				ENABLE_STRICT_OBJC_MSGSEND = YES;
				ENABLE_TESTABILITY = YES;
				GCC_C_LANGUAGE_STANDARD = gnu11;
				GCC_DYNAMIC_NO_PIC = NO;
				GCC_NO_COMMON_BLOCKS = YES;
				GCC_OPTIMIZATION_LEVEL = 0;
				GCC_PREPROCESSOR_DEFINITIONS = (
					"DEBUG=1",
					"$(inherited)",
				);
				GCC_WARN_64_TO_32_BIT_CONVERSION = YES;
				GCC_WARN_ABOUT_RETURN_TYPE = YES_ERROR;
				GCC_WARN_UNDECLARED_SELECTOR = YES;
				GCC_WARN_UNINITIALIZED_AUTOS = YES_AGGRESSIVE;
				GCC_WARN_UNUSED_FUNCTION = YES;
				GCC_WARN_UNUSED_VARIABLE = YES;
				IPHONEOS_DEPLOYMENT_TARGET = 11.3;
				MTL_ENABLE_DEBUG_INFO = YES;
				ONLY_ACTIVE_ARCH = YES;
				SDKROOT = iphoneos;
			};
			name = Debug;
		};
		7F89AAC1216C88B20044B547 /* Release */ = {
			isa = XCBuildConfiguration;
			buildSettings = {
				ALWAYS_SEARCH_USER_PATHS = NO;
				CLANG_ANALYZER_NONNULL = YES;
				CLANG_ANALYZER_NUMBER_OBJECT_CONVERSION = YES_AGGRESSIVE;
				CLANG_CXX_LANGUAGE_STANDARD = "gnu++14";
				CLANG_CXX_LIBRARY = "libc++";
				CLANG_ENABLE_MODULES = YES;
				CLANG_ENABLE_OBJC_ARC = YES;
				CLANG_ENABLE_OBJC_WEAK = YES;
				CLANG_WARN_BLOCK_CAPTURE_AUTORELEASING = YES;
				CLANG_WARN_BOOL_CONVERSION = YES;
				CLANG_WARN_COMMA = YES;
				CLANG_WARN_CONSTANT_CONVERSION = YES;
				CLANG_WARN_DEPRECATED_OBJC_IMPLEMENTATIONS = YES;
				CLANG_WARN_DIRECT_OBJC_ISA_USAGE = YES_ERROR;
				CLANG_WARN_DOCUMENTATION_COMMENTS = YES;
				CLANG_WARN_EMPTY_BODY = YES;
				CLANG_WARN_ENUM_CONVERSION = YES;
				CLANG_WARN_INFINITE_RECURSION = YES;
				CLANG_WARN_INT_CONVERSION = YES;
				CLANG_WARN_NON_LITERAL_NULL_CONVERSION = YES;
				CLANG_WARN_OBJC_IMPLICIT_RETAIN_SELF = YES;
				CLANG_WARN_OBJC_LITERAL_CONVERSION = YES;
				CLANG_WARN_OBJC_ROOT_CLASS = YES_ERROR;
				CLANG_WARN_RANGE_LOOP_ANALYSIS = YES;
				CLANG_WARN_STRICT_PROTOTYPES = YES;
				CLANG_WARN_SUSPICIOUS_MOVE = YES;
				CLANG_WARN_UNGUARDED_AVAILABILITY = YES_AGGRESSIVE;
				CLANG_WARN_UNREACHABLE_CODE = YES;
				CLANG_WARN__DUPLICATE_METHOD_MATCH = YES;
				CODE_SIGN_IDENTITY = "iPhone Developer";
				COPY_PHASE_STRIP = NO;
				DEBUG_INFORMATION_FORMAT = "dwarf-with-dsym";
				ENABLE_NS_ASSERTIONS = NO;
				ENABLE_STRICT_OBJC_MSGSEND = YES;
				GCC_C_LANGUAGE_STANDARD = gnu11;
				GCC_NO_COMMON_BLOCKS = YES;
				GCC_WARN_64_TO_32_BIT_CONVERSION = YES;
				GCC_WARN_ABOUT_RETURN_TYPE = YES_ERROR;
				GCC_WARN_UNDECLARED_SELECTOR = YES;
				GCC_WARN_UNINITIALIZED_AUTOS = YES_AGGRESSIVE;
				GCC_WARN_UNUSED_FUNCTION = YES;
				GCC_WARN_UNUSED_VARIABLE = YES;
				IPHONEOS_DEPLOYMENT_TARGET = 11.3;
				MTL_ENABLE_DEBUG_INFO = NO;
				SDKROOT = iphoneos;
				VALIDATE_PRODUCT = YES;
			};
			name = Release;
		};
		7F89AAC3216C88B20044B547 /* Debug */ = {
			isa = XCBuildConfiguration;
			buildSettings = {
				ASSETCATALOG_COMPILER_APPICON_NAME = AppIcon;
				CODE_SIGN_STYLE = Automatic;
				DEVELOPMENT_TEAM = KTS2AWUZL8;
				INFOPLIST_FILE = AirElves/Info.plist;
				IPHONEOS_DEPLOYMENT_TARGET = 10.3;
				LD_RUNPATH_SEARCH_PATHS = (
					"$(inherited)",
					"@executable_path/Frameworks",
				);
				PRODUCT_BUNDLE_IDENTIFIER = com.HF.AirElves;
				PRODUCT_NAME = "$(TARGET_NAME)";
				TARGETED_DEVICE_FAMILY = "1,2";
			};
			name = Debug;
		};
		7F89AAC4216C88B20044B547 /* Release */ = {
			isa = XCBuildConfiguration;
			buildSettings = {
				ASSETCATALOG_COMPILER_APPICON_NAME = AppIcon;
				CODE_SIGN_STYLE = Automatic;
				DEVELOPMENT_TEAM = KTS2AWUZL8;
				INFOPLIST_FILE = AirElves/Info.plist;
				IPHONEOS_DEPLOYMENT_TARGET = 10.3;
				LD_RUNPATH_SEARCH_PATHS = (
					"$(inherited)",
					"@executable_path/Frameworks",
				);
				PRODUCT_BUNDLE_IDENTIFIER = com.HF.AirElves;
				PRODUCT_NAME = "$(TARGET_NAME)";
				TARGETED_DEVICE_FAMILY = "1,2";
			};
			name = Release;
		};
		7F89AAC6216C88B20044B547 /* Debug */ = {
			isa = XCBuildConfiguration;
			buildSettings = {
				BUNDLE_LOADER = "$(TEST_HOST)";
				CODE_SIGN_STYLE = Automatic;
				DEVELOPMENT_TEAM = KTS2AWUZL8;
				INFOPLIST_FILE = AirElvesTests/Info.plist;
				LD_RUNPATH_SEARCH_PATHS = (
					"$(inherited)",
					"@executable_path/Frameworks",
					"@loader_path/Frameworks",
				);
				PRODUCT_BUNDLE_IDENTIFIER = com.HF.AirElvesTests;
				PRODUCT_NAME = "$(TARGET_NAME)";
				TARGETED_DEVICE_FAMILY = "1,2";
				TEST_HOST = "$(BUILT_PRODUCTS_DIR)/AirElves.app/AirElves";
			};
			name = Debug;
		};
		7F89AAC7216C88B20044B547 /* Release */ = {
			isa = XCBuildConfiguration;
			buildSettings = {
				BUNDLE_LOADER = "$(TEST_HOST)";
				CODE_SIGN_STYLE = Automatic;
				DEVELOPMENT_TEAM = KTS2AWUZL8;
				INFOPLIST_FILE = AirElvesTests/Info.plist;
				LD_RUNPATH_SEARCH_PATHS = (
					"$(inherited)",
					"@executable_path/Frameworks",
					"@loader_path/Frameworks",
				);
				PRODUCT_BUNDLE_IDENTIFIER = com.HF.AirElvesTests;
				PRODUCT_NAME = "$(TARGET_NAME)";
				TARGETED_DEVICE_FAMILY = "1,2";
				TEST_HOST = "$(BUILT_PRODUCTS_DIR)/AirElves.app/AirElves";
			};
			name = Release;
		};
		7F89AAC9216C88B20044B547 /* Debug */ = {
			isa = XCBuildConfiguration;
			buildSettings = {
				CODE_SIGN_STYLE = Automatic;
				DEVELOPMENT_TEAM = KTS2AWUZL8;
				INFOPLIST_FILE = AirElvesUITests/Info.plist;
				LD_RUNPATH_SEARCH_PATHS = (
					"$(inherited)",
					"@executable_path/Frameworks",
					"@loader_path/Frameworks",
				);
				PRODUCT_BUNDLE_IDENTIFIER = com.HF.AirElvesUITests;
				PRODUCT_NAME = "$(TARGET_NAME)";
				TARGETED_DEVICE_FAMILY = "1,2";
				TEST_TARGET_NAME = AirElves;
			};
			name = Debug;
		};
		7F89AACA216C88B20044B547 /* Release */ = {
			isa = XCBuildConfiguration;
			buildSettings = {
				CODE_SIGN_STYLE = Automatic;
				DEVELOPMENT_TEAM = KTS2AWUZL8;
				INFOPLIST_FILE = AirElvesUITests/Info.plist;
				LD_RUNPATH_SEARCH_PATHS = (
					"$(inherited)",
					"@executable_path/Frameworks",
					"@loader_path/Frameworks",
				);
				PRODUCT_BUNDLE_IDENTIFIER = com.HF.AirElvesUITests;
				PRODUCT_NAME = "$(TARGET_NAME)";
				TARGETED_DEVICE_FAMILY = "1,2";
				TEST_TARGET_NAME = AirElves;
			};
			name = Release;
		};
/* End XCBuildConfiguration section */

/* Begin XCConfigurationList section */
		7F89AA91216C88A00044B547 /* Build configuration list for PBXProject "AirElves" */ = {
			isa = XCConfigurationList;
			buildConfigurations = (
				7F89AAC0216C88B20044B547 /* Debug */,
				7F89AAC1216C88B20044B547 /* Release */,
			);
			defaultConfigurationIsVisible = 0;
			defaultConfigurationName = Release;
		};
		7F89AAC2216C88B20044B547 /* Build configuration list for PBXNativeTarget "AirElves" */ = {
			isa = XCConfigurationList;
			buildConfigurations = (
				7F89AAC3216C88B20044B547 /* Debug */,
				7F89AAC4216C88B20044B547 /* Release */,
			);
			defaultConfigurationIsVisible = 0;
			defaultConfigurationName = Release;
		};
		7F89AAC5216C88B20044B547 /* Build configuration list for PBXNativeTarget "AirElvesTests" */ = {
			isa = XCConfigurationList;
			buildConfigurations = (
				7F89AAC6216C88B20044B547 /* Debug */,
				7F89AAC7216C88B20044B547 /* Release */,
			);
			defaultConfigurationIsVisible = 0;
			defaultConfigurationName = Release;
		};
		7F89AAC8216C88B20044B547 /* Build configuration list for PBXNativeTarget "AirElvesUITests" */ = {
			isa = XCConfigurationList;
			buildConfigurations = (
				7F89AAC9216C88B20044B547 /* Debug */,
				7F89AACA216C88B20044B547 /* Release */,
			);
			defaultConfigurationIsVisible = 0;
			defaultConfigurationName = Release;
		};
/* End XCConfigurationList section */
	};
	rootObject = 7F89AA8E216C88A00044B547 /* Project object */;
}
